
Microsoft Visual Studio Solution File, Format Version 12.00
# Visual Studio Version 16
VisualStudioVersion = 16.0.31313.79
MinimumVisualStudioVersion = 10.0.40219.1
Project("{9A19103F-16F7-4668-BE54-9A1E7A4F7556}") = "IDS4", "IDS4\IDS4.csproj", "{DFC178A2-2B89-44E7-96A4-F5B7F3504AB4}"
EndProject
Project("{9A19103F-16F7-4668-BE54-9A1E7A4F7556}") = "FiredepartmentAPI", "FiredepartmentAPI\FiredepartmentAPI.csproj", "{7A566149-15AA-4FF4-89A1-3F5D7780EBEE}"
EndProject
Project("{FAE04EC0-301F-11D3-BF4B-00C04F79EFBC}") = "KeyMigration", "KeyMigration\KeyMigration.csproj", "{4AD2FE5A-A073-4976-81F6-EE6C7C54F33F}"
EndProject
Global
	GlobalSection(SolutionConfigurationPlatforms) = preSolution
		Debug|Any CPU = Debug|Any CPU
		Release|Any CPU = Release|Any CPU
	EndGlobalSection
	GlobalSection(ProjectConfigurationPlatforms) = postSolution
		{DFC178A2-2B89-44E7-96A4-F5B7F3504AB4}.Debug|Any CPU.ActiveCfg = Debug|Any CPU
		{DFC178A2-2B89-44E7-96A4-F5B7F3504AB4}.Debug|Any CPU.Build.0 = Debug|Any CPU
		{DFC178A2-2B89-44E7-96A4-F5B7F3504AB4}.Release|Any CPU.ActiveCfg = Release|Any CPU
		{DFC178A2-2B89-44E7-96A4-F5B7F3504AB4}.Release|Any CPU.Build.0 = Release|Any CPU
		{7A566149-15AA-4FF4-89A1-3F5D7780EBEE}.Debug|Any CPU.ActiveCfg = Debug|Any CPU
		{7A566149-15AA-4FF4-89A1-3F5D7780EBEE}.Debug|Any CPU.Build.0 = Debug|Any CPU
		{7A566149-15AA-4FF4-89A1-3F5D7780EBEE}.Release|Any CPU.ActiveCfg = Release|Any CPU
		{7A566149-15AA-4FF4-89A1-3F5D7780EBEE}.Release|Any CPU.Build.0 = Release|Any CPU
		{4AD2FE5A-A073-4976-81F6-EE6C7C54F33F}.Debug|Any CPU.ActiveCfg = Debug|Any CPU
		{4AD2FE5A-A073-4976-81F6-EE6C7C54F33F}.Debug|Any CPU.Build.0 = Debug|Any CPU
		{4AD2FE5A-A073-4976-81F6-EE6C7C54F33F}.Release|Any CPU.ActiveCfg = Release|Any CPU
		{4AD2FE5A-A073-4976-81F6-EE6C7C54F33F}.Release|Any CPU.Build.0 = Release|Any CPU
	EndGlobalSection
	GlobalSection(SolutionProperties) = preSolution
		HideSolutionNode = FALSE
	EndGlobalSection
	GlobalSection(ExtensibilityGlobals) = postSolution
		SolutionGuid = {C7508C61-2917-4AB0-9CE9-9BDDAA088027}
	EndGlobalSection
EndGlobal
